
Microsoft Visual Studio Solution File, Format Version 12.00
# Visual Studio Version 17
VisualStudioVersion = 17.14.36623.8
MinimumVisualStudioVersion = 10.0.40219.1
Project("{FAE04EC0-301F-11D3-BF4B-00C04F79EFBC}") = "Task1", "Task1\Task1.csproj", "{88FB8E89-F077-41EF-ADED-880631B61B9B}"
EndProject
Project("{FAE04EC0-301F-11D3-BF4B-00C04F79EFBC}") = "Task2", "Task2\Task2.csproj", "{BCFF5398-A8E7-46C0-9F4A-36492EBDB3B2}"
EndProject
Project("{FAE04EC0-301F-11D3-BF4B-00C04F79EFBC}") = "Task3", "Task4\Task3.csproj", "{BFA13ADE-E4A5-4B29-92A3-77B2B561D050}"
EndProject
Project("{FAE04EC0-301F-11D3-BF4B-00C04F79EFBC}") = "Task4", "Task5\Task4.csproj", "{15E737CB-D121-4A3B-86CC-DD5FCDF61D14}"
EndProject
Project("{FAE04EC0-301F-11D3-BF4B-00C04F79EFBC}") = "Task5", "Task6\Task5.csproj", "{A4B85A65-C24B-4D0E-920B-44B079B4DC1B}"
EndProject
Global
	GlobalSection(SolutionConfigurationPlatforms) = preSolution
		Debug|Any CPU = Debug|Any CPU
		Release|Any CPU = Release|Any CPU
	EndGlobalSection
	GlobalSection(ProjectConfigurationPlatforms) = postSolution
		{88FB8E89-F077-41EF-ADED-880631B61B9B}.Debug|Any CPU.ActiveCfg = Debug|Any CPU
		{88FB8E89-F077-41EF-ADED-880631B61B9B}.Debug|Any CPU.Build.0 = Debug|Any CPU
		{88FB8E89-F077-41EF-ADED-880631B61B9B}.Release|Any CPU.ActiveCfg = Release|Any CPU
		{88FB8E89-F077-41EF-ADED-880631B61B9B}.Release|Any CPU.Build.0 = Release|Any CPU
		{BCFF5398-A8E7-46C0-9F4A-36492EBDB3B2}.Debug|Any CPU.ActiveCfg = Debug|Any CPU
		{BCFF5398-A8E7-46C0-9F4A-36492EBDB3B2}.Debug|Any CPU.Build.0 = Debug|Any CPU
		{BCFF5398-A8E7-46C0-9F4A-36492EBDB3B2}.Release|Any CPU.ActiveCfg = Release|Any CPU
		{BCFF5398-A8E7-46C0-9F4A-36492EBDB3B2}.Release|Any CPU.Build.0 = Release|Any CPU
		{BFA13ADE-E4A5-4B29-92A3-77B2B561D050}.Debug|Any CPU.ActiveCfg = Debug|Any CPU
		{BFA13ADE-E4A5-4B29-92A3-77B2B561D050}.Debug|Any CPU.Build.0 = Debug|Any CPU
		{BFA13ADE-E4A5-4B29-92A3-77B2B561D050}.Release|Any CPU.ActiveCfg = Release|Any CPU
		{BFA13ADE-E4A5-4B29-92A3-77B2B561D050}.Release|Any CPU.Build.0 = Release|Any CPU
		{15E737CB-D121-4A3B-86CC-DD5FCDF61D14}.Debug|Any CPU.ActiveCfg = Debug|Any CPU
		{15E737CB-D121-4A3B-86CC-DD5FCDF61D14}.Debug|Any CPU.Build.0 = Debug|Any CPU
		{15E737CB-D121-4A3B-86CC-DD5FCDF61D14}.Release|Any CPU.ActiveCfg = Release|Any CPU
		{15E737CB-D121-4A3B-86CC-DD5FCDF61D14}.Release|Any CPU.Build.0 = Release|Any CPU
		{A4B85A65-C24B-4D0E-920B-44B079B4DC1B}.Debug|Any CPU.ActiveCfg = Debug|Any CPU
		{A4B85A65-C24B-4D0E-920B-44B079B4DC1B}.Debug|Any CPU.Build.0 = Debug|Any CPU
		{A4B85A65-C24B-4D0E-920B-44B079B4DC1B}.Release|Any CPU.ActiveCfg = Release|Any CPU
		{A4B85A65-C24B-4D0E-920B-44B079B4DC1B}.Release|Any CPU.Build.0 = Release|Any CPU
	EndGlobalSection
	GlobalSection(SolutionProperties) = preSolution
		HideSolutionNode = FALSE
	EndGlobalSection
	GlobalSection(ExtensibilityGlobals) = postSolution
		SolutionGuid = {99593251-0EEE-48E1-89E4-86A6E1F36BF6}
	EndGlobalSection
EndGlobal
